{
  "nodes": {
    "disko": {
      "inputs": {
        "nixpkgs": [
          "nixpkgs"
        ]
      },
      "locked": {
        "lastModified": 1768920986,
        "narHash": "sha256-CNzzBsRhq7gg4BMBuTDObiWDH/rFYHEuDRVOwCcwXw4=",
        "owner": "nix-community",
        "repo": "disko",
        "rev": "de5708739256238fb912c62f03988815db89ec9a",
        "type": "github"
      },
      "original": {
        "owner": "nix-community",
        "ref": "latest",
        "repo": "disko",
        "type": "github"
      }
    },
    "firefox-theme": {
      "flake": false,
      "locked": {
        "lastModified": 1791437164,
        "narHash": "sha256-g9jaFhIdcFe2HLj8jA+J6olUMOF68wyO3/PFnu84WWw=",
        "owner": "rafaelmardojai",
        "repo": "firefox-gnome-theme",
        "rev": "1f890b05d54606e17a05c73f137a0cfde3340d6a",
        "type": "github"
      },
      "original": {
        "owner": "rafaelmardojai",
        "ref": "master",
        "repo": "firefox-gnome-theme",
        "type": "github"
      }
    },
    "home-manager": {
      "inputs": {
        "nixpkgs": [
          "nixpkgs"
        ]
      },
      "locked": {
        "lastModified": 1791465139,
        "narHash": "sha256-hXTjOf2VQDXrNt4aU9rmNhc0qdOhnjy9FcA4tlPEdq8=",
        "owner": "nix-community",
        "repo": "home-manager",
        "rev": "678e6c11cd5d24226087dc758d17f705c7c4106a",
        "type": "github"
      },
      "original": {
        "owner": "nix-community",
        "repo": "home-manager",
        "type": "github"
      }
    },
    "nix-index-database": {
      "inputs": {
        "nixpkgs": [
          "nixpkgs"
        ]
      },
      "locked": {
        "lastModified": 1791105314,
        "narHash": "sha256-oTM7QFgRQ+vxBpMBMc7hEYpqBtpXAzXu2xuB/tru84U=",
        "owner": "nix-community",
        "repo": "nix-index-database",
        "rev": "e740bc4e9d8918d7819a51486d5099930c65c72e",
        "type": "github"
      },
      "original": {
        "owner": "nix-community",
        "repo": "nix-index-database",
        "type": "github"
      }
    },
    "nixpkgs": {
      "locked": {
        "lastModified": 1791456040,
        "narHash": "sha256-H83yz/do+hjOO0uujHyH8RgtIQP2v7Mw+cLwcZK/xKc=",
        "owner": "NixOS",
        "repo": "nixpkgs",
        "rev": "e7439b6b14ad3cc35d05608ebca9bce01a25f5f8",
        "type": "github"
      },
      "original": {
        "owner": "NixOS",
        "ref": "nixos-unstable",
        "repo": "nixpkgs",
        "type": "github"
      }
    },
    "root": {
      "inputs": {
        "disko": "disko",
        "firefox-theme": "firefox-theme",
        "home-manager": "home-manager",
        "nix-index-database": "nix-index-database",
        "nixpkgs": "nixpkgs"
      }
    }
  },
  "root": "root",
  "version": 7
}
